
Microsoft Visual Studio Solution File, Format Version 12.00
# Visual Studio 2013
VisualStudioVersion = 12.0.0.0
MinimumVisualStudioVersion = 10.0.0.1
Project("{FAE04EC0-301F-11D3-BF4B-00C04F79EFBC}") = "Implementation", "Implementation/Implementation.csproj", "{4F593717-1DF4-4F8D-A4DC-BB9B70A27313}"
EndProject
Project("{FAE04EC0-301F-11D3-BF4B-00C04F79EFBC}") = "Test", "Test\Test.csproj", "{C22B337F-4968-4966-95EB-37C5DBBD2E52}"
EndProject
Global
	GlobalSection(SolutionConfigurationPlatforms) = preSolution
		Debug|Any CPU = Debug|Any CPU
		Release|Any CPU = Release|Any CPU
	EndGlobalSection
	GlobalSection(ProjectConfigurationPlatforms) = postSolution
		{4F593717-1DF4-4F8D-A4DC-BB9B70A27313}.Debug|Any CPU.ActiveCfg = Debug|Any CPU
		{4F593717-1DF4-4F8D-A4DC-BB9B70A27313}.Debug|Any CPU.Build.0 = Debug|Any CPU
		{4F593717-1DF4-4F8D-A4DC-BB9B70A27313}.Release|Any CPU.ActiveCfg = Release|Any CPU
		{4F593717-1DF4-4F8D-A4DC-BB9B70A27313}.Release|Any CPU.Build.0 = Release|Any CPU
		{C22B337F-4968-4966-95EB-37C5DBBD2E52}.Debug|Any CPU.ActiveCfg = Debug|Any CPU
		{C22B337F-4968-4966-95EB-37C5DBBD2E52}.Debug|Any CPU.Build.0 = Debug|Any CPU
		{C22B337F-4968-4966-95EB-37C5DBBD2E52}.Release|Any CPU.ActiveCfg = Release|Any CPU
		{C22B337F-4968-4966-95EB-37C5DBBD2E52}.Release|Any CPU.Build.0 = Release|Any CPU
	EndGlobalSection
	GlobalSection(SolutionProperties) = preSolution
		HideSolutionNode = FALSE
	EndGlobalSection
EndGlobal
